
Microsoft Visual Studio Solution File, Format Version 12.00
# Visual Studio Version 17
VisualStudioVersion = 17.6.33815.320
MinimumVisualStudioVersion = 10.0.40219.1
Project("{FAE04EC0-301F-11D3-BF4B-00C04F79EFBC}") = "BlogApplication", "BlogApplication\BlogApplication.csproj", "{7C737496-FDEE-4B42-8ABE-6DEBA65055CE}"
EndProject
Project("{FAE04EC0-301F-11D3-BF4B-00C04F79EFBC}") = "DataLayer", "DataLayer\DataLayer.csproj", "{D183DAD6-FB57-4BBA-8DB6-E21B103E8F19}"
EndProject
Project("{FAE04EC0-301F-11D3-BF4B-00C04F79EFBC}") = "BusinessLayer", "BusinessLayer\BusinessLayer.csproj", "{C8E8AD96-2A52-41DE-8752-48ED984BC1B6}"
EndProject
Global
	GlobalSection(SolutionConfigurationPlatforms) = preSolution
		Debug|Any CPU = Debug|Any CPU
		Release|Any CPU = Release|Any CPU
	EndGlobalSection
	GlobalSection(ProjectConfigurationPlatforms) = postSolution
		{7C737496-FDEE-4B42-8ABE-6DEBA65055CE}.Debug|Any CPU.ActiveCfg = Debug|Any CPU
		{7C737496-FDEE-4B42-8ABE-6DEBA65055CE}.Debug|Any CPU.Build.0 = Debug|Any CPU
		{7C737496-FDEE-4B42-8ABE-6DEBA65055CE}.Release|Any CPU.ActiveCfg = Release|Any CPU
		{7C737496-FDEE-4B42-8ABE-6DEBA65055CE}.Release|Any CPU.Build.0 = Release|Any CPU
		{D183DAD6-FB57-4BBA-8DB6-E21B103E8F19}.Debug|Any CPU.ActiveCfg = Debug|Any CPU
		{D183DAD6-FB57-4BBA-8DB6-E21B103E8F19}.Debug|Any CPU.Build.0 = Debug|Any CPU
		{D183DAD6-FB57-4BBA-8DB6-E21B103E8F19}.Release|Any CPU.ActiveCfg = Release|Any CPU
		{D183DAD6-FB57-4BBA-8DB6-E21B103E8F19}.Release|Any CPU.Build.0 = Release|Any CPU
		{C8E8AD96-2A52-41DE-8752-48ED984BC1B6}.Debug|Any CPU.ActiveCfg = Debug|Any CPU
		{C8E8AD96-2A52-41DE-8752-48ED984BC1B6}.Debug|Any CPU.Build.0 = Debug|Any CPU
		{C8E8AD96-2A52-41DE-8752-48ED984BC1B6}.Release|Any CPU.ActiveCfg = Release|Any CPU
		{C8E8AD96-2A52-41DE-8752-48ED984BC1B6}.Release|Any CPU.Build.0 = Release|Any CPU
	EndGlobalSection
	GlobalSection(SolutionProperties) = preSolution
		HideSolutionNode = FALSE
	EndGlobalSection
	GlobalSection(ExtensibilityGlobals) = postSolution
		SolutionGuid = {F58D8C03-6F3E-4675-8A0A-CDF86F932B72}
	EndGlobalSection
EndGlobal
